<Project xmlns="http://schemas.microsoft.com/developer/msbuild/2003">
    <PropertyGroup>
        <ProjectGuid>{C099C549-0431-4243-A1D8-D61B406735D6}</ProjectGuid>
        <ProjectVersion>15.4</ProjectVersion>
        <FrameworkType>VCL</FrameworkType>
        <MainSource>Project1.dpr</MainSource>
        <Base>True</Base>
        <Config Condition="'$(Config)'==''">Debug</Config>
        <Platform Condition="'$(Platform)'==''">Win32</Platform>
        <TargetedPlatforms>1</TargetedPlatforms>
        <AppType>Application</AppType>
    </PropertyGroup>
    <PropertyGroup Condition="'$(Config)'=='Base' or '$(Base)'!=''">
        <Base>true</Base>
    </PropertyGroup>
    <PropertyGroup Condition="('$(Platform)'=='Win32' and '$(Base)'=='true') or '$(Base_Win32)'!=''">
        <Base_Win32>true</Base_Win32>
        <CfgParent>Base</CfgParent>
        <Base>true</Base>
    </PropertyGroup>
    <PropertyGroup Condition="('$(Platform)'=='Win64' and '$(Base)'=='true') or '$(Base_Win64)'!=''">
        <Base_Win64>true</Base_Win64>
        <CfgParent>Base</CfgParent>
        <Base>true</Base>
    </PropertyGroup>
    <PropertyGroup Condition="'$(Config)'=='Debug' or '$(Cfg_1)'!=''">
        <Cfg_1>true</Cfg_1>
        <CfgParent>Base</CfgParent>
        <Base>true</Base>
    </PropertyGroup>
    <PropertyGroup Condition="('$(Platform)'=='Win32' and '$(Cfg_1)'=='true') or '$(Cfg_1_Win32)'!=''">
        <Cfg_1_Win32>true</Cfg_1_Win32>
        <CfgParent>Cfg_1</CfgParent>
        <Cfg_1>true</Cfg_1>
        <Base>true</Base>
    </PropertyGroup>
    <PropertyGroup Condition="'$(Config)'=='Release' or '$(Cfg_2)'!=''">
        <Cfg_2>true</Cfg_2>
        <CfgParent>Base</CfgParent>
        <Base>true</Base>
    </PropertyGroup>
    <PropertyGroup Condition="'$(Base)'!=''">
        <Icon_MainIcon>$(BDS)\bin\delphi_PROJECTICON.ico</Icon_MainIcon>
        <SanitizedProjectName>Project1</SanitizedProjectName>
        <DCC_Namespace>System;Xml;Data;Datasnap;Web;Soap;Vcl;Vcl.Imaging;Vcl.Touch;Vcl.Samples;Vcl.Shell;$(DCC_Namespace)</DCC_Namespace>
        <DCC_DcuOutput>.\$(Platform)\$(Config)</DCC_DcuOutput>
        <DCC_ExeOutput>.\$(Platform)\$(Config)</DCC_ExeOutput>
        <DCC_E>false</DCC_E>
        <DCC_N>false</DCC_N>
        <DCC_S>false</DCC_S>
        <DCC_F>false</DCC_F>
        <DCC_K>false</DCC_K>
    </PropertyGroup>
    <PropertyGroup Condition="'$(Base_Win32)'!=''">
        <Manifest_File>$(BDS)\bin\default_app.manifest</Manifest_File>
        <DCC_UsePackage>cxSchedulerTreeBrowserRS20;frxe20;dxSkinOffice2007SilverRS20;cxGridRS20;dxFireDACServerModeRS20;dxPSdxLCLnkRS20;dxPScxExtCommonRS20;cxPageControlRS20;FireDACPgDriver;fgx;DBXInterBaseDriver;DataSnapServer;DataSnapCommon;NxInspectorDsgn_dxe6;dxSkinsdxBarPainterRS20;dxSkinSharpRS20;NxInspectorRun_dxe6;pfManager;DbxCommonDriver;dxLayoutControlRS20;vclimg;dxSkinSilverRS20;dxSkinsdxNavBarPainterRS20;dbxcds;DatasnapConnectorsFreePascal;NxCommonDsgn_dxe6;dxPSCoreRS20;vcldb;EhLibADODataDrivers200;pfCore;dxSkinOffice2013WhiteRS20;dxSkinMcSkinRS20;CustomIPTransport;dsnap;IndyIPServer;dxSkinCoffeeRS20;dxSkinGlassOceansRS20;IndyCore;dxSkinOffice2010SilverRS20;dxComnRS20;CloudService;dxFlowChartRS20;FmxTeeUI;FireDACIBDriver;cxTreeListdxBarPopupMenuRS20;dxDBXServerModeRS20;dxSkinOffice2007PinkRS20;dxSkinSpringTimeRS20;dxPsPrVwAdvRS20;dxSkiniMaginaryRS20;dxSkinDevExpressDarkStyleRS20;NxDBGridRun_dxe6;cxSchedulerGridRS20;dxtrmdRS20;NxCollectionDsgn_dxe6;dsnapxml;FireDACDb2Driver;EhLib200;dxSkinMoneyTwinsRS20;dxSkinOffice2007GreenRS20;dxPScxTLLnkRS20;NxSheetRun_dxe6;cxPivotGridOLAPRS20;dxPSdxFCLnkRS20;bindcompfmx;cxPageControldxBarPopupMenuRS20;frx20;vcldbx;FireDACODBCDriver;RESTBackendComponents;dbrtl;FireDACCommon;bindcomp;inetdb;ThdTimerXE6;DBXOdbcDriver;vclFireDAC;cxSpreadSheetRS20;xmlrtl;NxGridDsgn_dxe6;ibxpress;dxPScxSSLnkRS20;dxSkinOffice2007BlackRS20;FireDACCommonDriver;bindengine;vclactnband;FMXTee;soaprtl;dxGDIPlusRS20;bindcompvcl;vclie;NxCollectionRun_dxe6;cxVerticalGridRS20;cxSchedulerRS20;dxSkinBlackRS20;TMSFMXPackPkgDEDXE6;FireDACMSSQLDriver;DBXInformixDriver;dxSkinSummer2008RS20;Intraweb;cxBarEditItemRS20;NxCommonRun_dxe6;DataSnapServerMidas;FMX.ListView.NeAppearancePackage;DBXFirebirdDriver;dsnapcon;inet;dxBarRS20;cxDataRS20;dxSkinDarkSideRS20;FireDACMySQLDriver;soapmidas;vclx;dxPScxVGridLnkRS20;dxSkinLondonLiquidSkyRS20;dxCoreRS20;DBXSybaseASADriver;RESTComponents;dxPSPrVwRibbonRS20;EhLibDBXDataDrivers200;dbexpress;dxPSLnksRS20;IndyIPClient;dxSpellCheckerRS20;dxBarExtItemsRS20;IcsCommonDXE6Run;dxdbtrRS20;FireDACSqliteDriver;FireDACDSDriver;DBXSqliteDriver;SampleListViewMultiDetailAppearancePackage;fmx;dxSkinVS2010RS20;dxPScxPCProdRS20;IndySystem;dxSkinXmas2008BlueRS20;TeeDB;tethering;vclib;inetdbbde;DataSnapClient;dxTabbedMDIRS20;dxmdsRS20;DataSnapProviderClient;DBXSybaseASEDriver;dxdborRS20;crcontrols200;dxPSdxDBTVLnkRS20;MetropolisUILiveTile;dxPScxSchedulerLnkRS20;dxSkinCaramelRS20;dxSkinLiquidSkyRS20;vcldsnap;IcsVclDXE6Run;dxSkinDevExpressStyleRS20;fmxFireDAC;dacvcl200;DBXDb2Driver;DBXOracleDriver;dxSkinOffice2010BlueRS20;dcldxSkinsCoreRS20;vclribbon;cxExportRS20;dxServerModeRS20;dxSkinscxSchedulerPainterRS20;FMToastPackage;EhLibBDEDataDrivers200;fmxase;vcl;dacfmx200;NxAddonsRun_dxe6;DBXMSSQLDriver;IndyIPCommon;CodeSiteExpressPkg;dxSkinBlueRS20;dxSkinsdxDLPainterRS20;DataSnapFireDAC;FireDACDBXDriver;dxBarExtDBItemsRS20;dxSkinOffice2010BlackRS20;soapserver;DPFAndroidPackagesXE6;inetdbxpress;dxADOServerModeRS20;dxSkinBlueprintRS20;dxSkinFoggyRS20;dxSkinSharpPlusRS20;frxTee20;FireDACInfxDriver;cxPivotGridRS20;EhLibIBXDataDrivers200;adortl;frxDB20;clInetSuitedXE6;dxRibbonRS20;FireDACASADriver;dxSkinHighContrastRS20;dxSkinTheAsphaltWorldRS20;dxBarDBNavRS20;dxSkinscxPCPainterRS20;rtl;DbxClientDriver;dxNavBarRS20;SampleListViewRatingsAppearancePackage;dac200;dxDockingRS20;Tee;dxSkinOffice2007BlueRS20;dxSkinsdxRibbonPainterRS20;dxSkinValentineRS20;IcsFmxDXE6Run;DataSnapNativeClient;svnui;IndyProtocols;DBXMySQLDriver;dxPScxCommonRS20;dxSkinSevenClassicRS20;dxSkinPumpkinRS20;bindcompdbx;TeeUI;TMSFMXPackPkgDXE6;unidacvcl200;unidacfmx200;FireDACADSDriver;vcltouch;dxSkinDarkRoomRS20;dxSkinStardustRS20;unidac200;cxEditorsRS20;NxDBGridDsgn_dxe6;dxorgcRS20;dxPSdxDBOCLnkRS20;VCLRESTComponents;FireDAC;VclSmp;dxSkinsCoreRS20;XThreadTimer;DataSnapConnectors;dxSkinSevenRS20;NxGridRun_dxe6;cxLibraryRS20;fmxobj;svn;dxSkinLilianRS20;dxSkinWhiteprintRS20;FireDACOracleDriver;fmxdae;dxPScxPivotGridLnkRS20;dxWizardControlRS20;bdertl;dxThemeRS20;dxPSdxOCLnkRS20;cxTreeListRS20;FireDACMSAccDriver;DataSnapIndy10ServerTransport;dxTileControlRS20;$(DCC_UsePackage)</DCC_UsePackage>
        <DCC_Namespace>Winapi;System.Win;Data.Win;Datasnap.Win;Web.Win;Soap.Win;Xml.Win;Bde;$(DCC_Namespace)</DCC_Namespace>
        <VerInfo_Keys>CompanyName=;FileDescription=;FileVersion=1.0.0.0;InternalName=;LegalCopyright=;LegalTrademarks=;OriginalFilename=;ProductName=;ProductVersion=1.0.0.0;Comments=</VerInfo_Keys>
        <VerInfo_Locale>1033</VerInfo_Locale>
        <VerInfo_IncludeVerInfo>true</VerInfo_IncludeVerInfo>
    </PropertyGroup>
    <PropertyGroup Condition="'$(Base_Win64)'!=''">
        <DCC_UsePackage>cxSchedulerTreeBrowserRS20;dxSkinOffice2007SilverRS20;cxGridRS20;dxFireDACServerModeRS20;dxPSdxLCLnkRS20;dxPScxExtCommonRS20;cxPageControlRS20;FireDACPgDriver;DBXInterBaseDriver;DataSnapServer;DataSnapCommon;NxInspectorDsgn_dxe6;dxSkinsdxBarPainterRS20;dxSkinSharpRS20;NxInspectorRun_dxe6;DbxCommonDriver;dxLayoutControlRS20;vclimg;dxSkinSilverRS20;dxSkinsdxNavBarPainterRS20;dbxcds;DatasnapConnectorsFreePascal;NxCommonDsgn_dxe6;dxPSCoreRS20;vcldb;EhLibADODataDrivers200;dxSkinOffice2013WhiteRS20;dxSkinMcSkinRS20;CustomIPTransport;dsnap;IndyIPServer;dxSkinCoffeeRS20;dxSkinGlassOceansRS20;IndyCore;dxSkinOffice2010SilverRS20;dxComnRS20;CloudService;dxFlowChartRS20;FmxTeeUI;FireDACIBDriver;cxTreeListdxBarPopupMenuRS20;dxDBXServerModeRS20;dxSkinOffice2007PinkRS20;dxSkinSpringTimeRS20;dxPsPrVwAdvRS20;dxSkiniMaginaryRS20;dxSkinDevExpressDarkStyleRS20;NxDBGridRun_dxe6;cxSchedulerGridRS20;dxtrmdRS20;NxCollectionDsgn_dxe6;dsnapxml;FireDACDb2Driver;EhLib200;dxSkinMoneyTwinsRS20;dxSkinOffice2007GreenRS20;dxPScxTLLnkRS20;NxSheetRun_dxe6;cxPivotGridOLAPRS20;dxPSdxFCLnkRS20;bindcompfmx;cxPageControldxBarPopupMenuRS20;FireDACODBCDriver;RESTBackendComponents;dbrtl;FireDACCommon;bindcomp;inetdb;DBXOdbcDriver;vclFireDAC;cxSpreadSheetRS20;xmlrtl;NxGridDsgn_dxe6;ibxpress;dxPScxSSLnkRS20;dxSkinOffice2007BlackRS20;FireDACCommonDriver;bindengine;vclactnband;FMXTee;soaprtl;dxGDIPlusRS20;bindcompvcl;vclie;NxCollectionRun_dxe6;cxVerticalGridRS20;cxSchedulerRS20;dxSkinBlackRS20;TMSFMXPackPkgDEDXE6;FireDACMSSQLDriver;DBXInformixDriver;dxSkinSummer2008RS20;Intraweb;cxBarEditItemRS20;NxCommonRun_dxe6;DataSnapServerMidas;DBXFirebirdDriver;dsnapcon;inet;dxBarRS20;cxDataRS20;dxSkinDarkSideRS20;FireDACMySQLDriver;soapmidas;vclx;dxPScxVGridLnkRS20;dxSkinLondonLiquidSkyRS20;dxCoreRS20;DBXSybaseASADriver;RESTComponents;dxPSPrVwRibbonRS20;EhLibDBXDataDrivers200;dbexpress;dxPSLnksRS20;IndyIPClient;dxSpellCheckerRS20;dxBarExtItemsRS20;IcsCommonDXE6Run;dxdbtrRS20;FireDACSqliteDriver;FireDACDSDriver;DBXSqliteDriver;fmx;dxSkinVS2010RS20;dxPScxPCProdRS20;IndySystem;dxSkinXmas2008BlueRS20;TeeDB;tethering;vclib;DataSnapClient;dxTabbedMDIRS20;dxmdsRS20;DataSnapProviderClient;DBXSybaseASEDriver;dxdborRS20;crcontrols200;dxPSdxDBTVLnkRS20;MetropolisUILiveTile;dxPScxSchedulerLnkRS20;dxSkinCaramelRS20;dxSkinLiquidSkyRS20;vcldsnap;IcsVclDXE6Run;dxSkinDevExpressStyleRS20;fmxFireDAC;dacvcl200;DBXDb2Driver;DBXOracleDriver;dxSkinOffice2010BlueRS20;dcldxSkinsCoreRS20;vclribbon;cxExportRS20;dxServerModeRS20;dxSkinscxSchedulerPainterRS20;FMToastPackage;EhLibBDEDataDrivers200;fmxase;vcl;dacfmx200;NxAddonsRun_dxe6;DBXMSSQLDriver;IndyIPCommon;dxSkinBlueRS20;dxSkinsdxDLPainterRS20;DataSnapFireDAC;FireDACDBXDriver;dxBarExtDBItemsRS20;dxSkinOffice2010BlackRS20;soapserver;inetdbxpress;dxADOServerModeRS20;dxSkinBlueprintRS20;dxSkinFoggyRS20;dxSkinSharpPlusRS20;FireDACInfxDriver;cxPivotGridRS20;EhLibIBXDataDrivers200;adortl;dxRibbonRS20;FireDACASADriver;dxSkinHighContrastRS20;dxSkinTheAsphaltWorldRS20;dxBarDBNavRS20;dxSkinscxPCPainterRS20;rtl;DbxClientDriver;dxNavBarRS20;dac200;dxDockingRS20;Tee;dxSkinOffice2007BlueRS20;dxSkinsdxRibbonPainterRS20;dxSkinValentineRS20;IcsFmxDXE6Run;DataSnapNativeClient;IndyProtocols;DBXMySQLDriver;dxPScxCommonRS20;dxSkinSevenClassicRS20;dxSkinPumpkinRS20;bindcompdbx;TeeUI;TMSFMXPackPkgDXE6;unidacvcl200;unidacfmx200;FireDACADSDriver;vcltouch;dxSkinDarkRoomRS20;dxSkinStardustRS20;unidac200;cxEditorsRS20;NxDBGridDsgn_dxe6;dxorgcRS20;dxPSdxDBOCLnkRS20;VCLRESTComponents;FireDAC;VclSmp;dxSkinsCoreRS20;DataSnapConnectors;dxSkinSevenRS20;NxGridRun_dxe6;cxLibraryRS20;fmxobj;dxSkinLilianRS20;dxSkinWhiteprintRS20;FireDACOracleDriver;fmxdae;dxPScxPivotGridLnkRS20;dxWizardControlRS20;dxThemeRS20;dxPSdxOCLnkRS20;cxTreeListRS20;FireDACMSAccDriver;DataSnapIndy10ServerTransport;dxTileControlRS20;$(DCC_UsePackage)</DCC_UsePackage>
    </PropertyGroup>
    <PropertyGroup Condition="'$(Cfg_1)'!=''">
        <DCC_Define>DEBUG;$(DCC_Define)</DCC_Define>
        <DCC_DebugDCUs>true</DCC_DebugDCUs>
        <DCC_Optimize>false</DCC_Optimize>
        <DCC_GenerateStackFrames>true</DCC_GenerateStackFrames>
        <DCC_DebugInfoInExe>true</DCC_DebugInfoInExe>
        <DCC_RemoteDebug>true</DCC_RemoteDebug>
    </PropertyGroup>
    <PropertyGroup Condition="'$(Cfg_1_Win32)'!=''">
        <VerInfo_Locale>1033</VerInfo_Locale>
        <DCC_UnitSearchPath>..\..\..\..\Source;$(DCC_UnitSearchPath)</DCC_UnitSearchPath>
        <VerInfo_IncludeVerInfo>true</VerInfo_IncludeVerInfo>
        <DCC_RemoteDebug>false</DCC_RemoteDebug>
    </PropertyGroup>
    <PropertyGroup Condition="'$(Cfg_2)'!=''">
        <DCC_LocalDebugSymbols>false</DCC_LocalDebugSymbols>
        <DCC_Define>RELEASE;$(DCC_Define)</DCC_Define>
        <DCC_SymbolReferenceInfo>0</DCC_SymbolReferenceInfo>
        <DCC_DebugInformation>0</DCC_DebugInformation>
    </PropertyGroup>
    <ItemGroup>
        <DelphiCompile Include="$(MainSource)">
            <MainSource>MainSource</MainSource>
        </DelphiCompile>
        <DCCReference Include="Unit1.pas">
            <Form>Form1</Form>
            <FormType>dfm</FormType>
        </DCCReference>
        <BuildConfiguration Include="Release">
            <Key>Cfg_2</Key>
            <CfgParent>Base</CfgParent>
        </BuildConfiguration>
        <BuildConfiguration Include="Base">
            <Key>Base</Key>
        </BuildConfiguration>
        <BuildConfiguration Include="Debug">
            <Key>Cfg_1</Key>
            <CfgParent>Base</CfgParent>
        </BuildConfiguration>
    </ItemGroup>
    <ProjectExtensions>
        <Borland.Personality>Delphi.Personality.12</Borland.Personality>
        <Borland.ProjectType/>
        <BorlandProject>
            <Delphi.Personality>
                <Source>
                    <Source Name="MainSource">Project1.dpr</Source>
                </Source>
                <Excluded_Packages>
                    <Excluded_Packages Name="$(BDSBIN)\bcboffice2k200.bpl">Embarcadero C++Builder Office 2000 Servers Package</Excluded_Packages>
                    <Excluded_Packages Name="$(BDSBIN)\bcbofficexp200.bpl">Embarcadero C++Builder Office XP Servers Package</Excluded_Packages>
                    <Excluded_Packages Name="$(BDSBIN)\dcloffice2k200.bpl">Microsoft Office 2000 Sample Automation Server Wrapper Components</Excluded_Packages>
                    <Excluded_Packages Name="$(BDSBIN)\dclofficexp200.bpl">Microsoft Office XP Sample Automation Server Wrapper Components</Excluded_Packages>
                </Excluded_Packages>
            </Delphi.Personality>
            <Deployment/>
            <Platforms>
                <Platform value="Win32">True</Platform>
                <Platform value="Win64">False</Platform>
            </Platforms>
        </BorlandProject>
        <ProjectFileVersion>12</ProjectFileVersion>
    </ProjectExtensions>
    <Import Project="$(BDS)\Bin\CodeGear.Delphi.Targets" Condition="Exists('$(BDS)\Bin\CodeGear.Delphi.Targets')"/>
    <Import Project="$(APPDATA)\Embarcadero\$(BDSAPPDATABASEDIR)\$(PRODUCTVERSION)\UserTools.proj" Condition="Exists('$(APPDATA)\Embarcadero\$(BDSAPPDATABASEDIR)\$(PRODUCTVERSION)\UserTools.proj')"/>
</Project>
